github.com/dtcookie/dynatrace/api/config v1.0.0 h1:ehm8BeuEoGzwfOr0xrkaQPVrg0AYqZ1v3XJsMYDqb1A=
github.com/dtcookie/dynatrace/api/config v1.0.0/go.mod h1:Xs0giyHjICPbjFEYJgNMU19xm7/+I6vXtDX5rKRvF30=
github.com/dtcookie/dynatrace/rest v1.0.12 h1:H3yBBOSCbgyHUClZmuhQik7hmxsmXdcxFTWgBMAq9xI=
github.com/dtcookie/dynatrace/rest v1.0.12/go.mod h1://1AkUkyFQFG43vhMg2aykz13PgB/4eTUIE8SS+vnNw=
