github.com/dtcookie/dynatrace v0.0.0-20210520154842-adab29ca6195 h1:qH1alZ2Bg1UZUlqIJI1H4VVdikugozLqW1hcIbe8T18=
github.com/dtcookie/dynatrace/api/config v1.0.4 h1:pqzYQLSWEDM0Hp235iJyQdqI5t79U4OoqTbEtmD7k7o=
github.com/dtcookie/hcl v0.0.8 h1:uTSp8JxjyvUtv1NXU2Wiff0arBZTui8qfmg/V9zebck=
github.com/dtcookie/hcl v0.0.8/go.mod h1:jtxzoNG5jtCEI00+623fcqOUbB0fviqCVj+LZueZtWs=
github.com/dtcookie/opt v1.0.0 h1:3YTf76sWRAjcJnTNNCjeJNikT05aOrVlg13xDbX5OGg=
github.com/dtcookie/opt v1.0.0/go.mod h1:3fHzYaPu0kQ/Esfd/L0GipVrrnA/6hXTnATyO6QbzW8=
github.com/dtcookie/xjson v1.0.2 h1:9V3YO68umeJMvxZJoe+S4UFdKrf/iljGbl98zlSvxaE=
github.com/dtcookie/xjson v1.0.2/go.mod h1:WRUvI2hDQ7blADJWZtfXc7iStLnxTdU9FEoBYzt5UQI=
github.com/google/uuid v1.1.2 h1:EVhdT+1Kseyi1/pUmXKaFxYsDNy9RQYkMWRH68J/W7Y=
github.com/google/uuid v1.1.2/go.mod h1:TIyPZe4MgqvfeYDBFedMoGGpEw/LqOeaOT+nhxU+yHo=
