github.com/dtcookie/dynatrace/apis/cluster v1.0.12 h1:oRjjNYNJGBIQ52UpHvz8qDPEi2qAH7xvuZ1nypAJzBs=
github.com/dtcookie/dynatrace/apis/cluster v1.0.12/go.mod h1:hYNaTfsiK4yzaZ+7IUm/oYLYMR7uA+OdKFxpg78xwsY=
github.com/dtcookie/dynatrace/apis/errors v1.0.5 h1:hjMR4b6x2xNCPp5Oh30NKhjR5gyXk/dZMH2nuarV9W8=
github.com/dtcookie/dynatrace/apis/errors v1.0.5/go.mod h1:uDa0mHfj/2wbfJJKJGSfviNAEJ2f68J4Vgmiv9+6/KI=
github.com/dtcookie/dynatrace/apis/problems v1.0.0 h1:/4LvHjhqK6CSwucVKRi9cinny4JFcm1I3lWtxVBhOMQ=
github.com/dtcookie/dynatrace/apis/problems v1.0.0/go.mod h1:XGAqNo5XgxHcHcboC+4dWXrw7KgWv9iuJno/V5IMTEo=
github.com/dtcookie/dynatrace/http v1.0.8 h1:iYCaFJpJJ8vVSOZI6USFNrH+viMiz4v64fqS4WiwD20=
github.com/dtcookie/dynatrace/http v1.0.8/go.mod h1:humskdrQQZ+RgUx5yqum5oLKz8T+203SBBgoorTWM2E=
github.com/dtcookie/dynatrace/log v1.0.12 h1:JnaVNkTdZOhJSrbIsVdElOxyyC05GoN+99GSuf2b9kk=
github.com/dtcookie/dynatrace/log v1.0.12/go.mod h1:wcQfjdIPYhFl1EJSfBGzbvnOfEiJkqViYo3VI/O5lwQ=
github.com/dtcookie/dynatrace/rest v1.0.11 h1:T3E2jFkwr6glV0yfUQI7V28vRzcPO6R+ppbr02zxfgU=
github.com/dtcookie/dynatrace/rest v1.0.11/go.mod h1://1AkUkyFQFG43vhMg2aykz13PgB/4eTUIE8SS+vnNw=
