github.com/dtcookie/dynatrace v1.0.4 h1:JR0baSMhL8b0iH6PX2wPZ2AkIQAkmcAhaZx46hTVjQs=
github.com/dtcookie/dynatrace v1.0.4/go.mod h1:79iW4/ZWSbIc7PlX+0WZ+8HV9sbPwM37FbSmCotx7n8=
github.com/dtcookie/dynatrace/rest v1.0.4/go.mod h1://1AkUkyFQFG43vhMg2aykz13PgB/4eTUIE8SS+vnNw=
github.com/dtcookie/dynatrace/rest v1.0.7 h1:NEuE5lG3GeNEB+PcBbZNP3lAUTpW7OpohhrjECtHcdA=
github.com/dtcookie/dynatrace/rest v1.0.7/go.mod h1://1AkUkyFQFG43vhMg2aykz13PgB/4eTUIE8SS+vnNw=
github.com/dtcookie/dynatrace/rest/credentials v1.0.6 h1:CJAOugZ04R+xkMctkrVPn4KnJnmz8FF+of1WmIdtCVw=
