github.com/dtcookie/dynatrace v1.0.4 h1:JR0baSMhL8b0iH6PX2wPZ2AkIQAkmcAhaZx46hTVjQs=
github.com/dtcookie/dynatrace/rest v1.0.13 h1:0fneNkit502mgaULbrhUdevleQqm3tXMqceODxXp3q0=
github.com/dtcookie/dynatrace/rest v1.0.13/go.mod h1://1AkUkyFQFG43vhMg2aykz13PgB/4eTUIE8SS+vnNw=
github.com/dtcookie/dynatrace/rest/credentials v1.0.6 h1:CJAOugZ04R+xkMctkrVPn4KnJnmz8FF+of1WmIdtCVw=
github.com/dtcookie/gojson v0.9.1 h1:XsDBv2muNERQUE9qOsShqUe9EXIKF3gZNI2znLOC9H4=
github.com/dtcookie/gojson v0.9.1/go.mod h1:0fxz4ibMLH2e40Ty+Lw4CBTJ/mHaDaLm3rrTPkupPJc=
