github.com/dtcookie/dynatrace v0.0.0-20210528105128-e3c5b46c0f19 h1:JpYL7R5SgwMxCiWnvo0a7Vo+Xzk9oVcFuIx5TU1a4js=
github.com/dtcookie/dynatrace/api/config v1.0.6 h1:VLOUsUWYFWPBbWJ4a9bXRx4uyI9ZcMiXKmmqmCLvwMo=
github.com/dtcookie/dynatrace/api/config v1.0.6/go.mod h1:PXQr7MF6tRKgts/4tasLNpHIUB4X3YoCo6nfz1DE3QA=
github.com/dtcookie/dynatrace/api/config/anomalies/metricevents v1.0.2 h1:JAU8Sq+nC8cmH9AGbMdTzmQ96HuD2c7Px+9ZXOnTJsw=
github.com/dtcookie/dynatrace/api/config/anomalies/metricevents v1.0.2/go.mod h1:Vj0EY5DEVP1ccFNT9I4hJINdkPz62j/jW6x9ZmC93eY=
github.com/dtcookie/dynatrace/api/config/common v1.0.1 h1:ytsWHrtlh8thNhZFXDfLc+lrkW1xHz8mihuBGqbXhdQ=
github.com/dtcookie/dynatrace/api/config/common v1.0.1/go.mod h1:JSz5qfvJdjRFR0S5vW9O9F9WeYTHGJUcC2i8W088U18=
github.com/dtcookie/dynatrace/rest v1.0.14/go.mod h1://1AkUkyFQFG43vhMg2aykz13PgB/4eTUIE8SS+vnNw=
github.com/dtcookie/hcl v0.0.10 h1:RLo1MoLfmzaJaFgR/eLR2dqb1pTl+bfGPMqAhoiOkQs=
github.com/dtcookie/hcl v0.0.10/go.mod h1:jtxzoNG5jtCEI00+623fcqOUbB0fviqCVj+LZueZtWs=
github.com/dtcookie/opt v1.0.0 h1:3YTf76sWRAjcJnTNNCjeJNikT05aOrVlg13xDbX5OGg=
github.com/dtcookie/opt v1.0.0/go.mod h1:3fHzYaPu0kQ/Esfd/L0GipVrrnA/6hXTnATyO6QbzW8=
github.com/dtcookie/xjson v1.0.2 h1:9V3YO68umeJMvxZJoe+S4UFdKrf/iljGbl98zlSvxaE=
github.com/dtcookie/xjson v1.0.2/go.mod h1:WRUvI2hDQ7blADJWZtfXc7iStLnxTdU9FEoBYzt5UQI=
github.com/google/uuid v1.1.2 h1:EVhdT+1Kseyi1/pUmXKaFxYsDNy9RQYkMWRH68J/W7Y=
github.com/google/uuid v1.1.2/go.mod h1:TIyPZe4MgqvfeYDBFedMoGGpEw/LqOeaOT+nhxU+yHo=
