github.com/dtcookie/dynatrace/api/config v1.0.3 h1:cqfO/1YkYUFYJ1tBUG6OG8x7ovhL2+J/W90x0ctd/Kc=
github.com/dtcookie/dynatrace/api/config v1.0.3/go.mod h1:TdfHhh+I/w6R9RNMUeYAbhsZiXwdQvW11lbR4TGgXts=
github.com/dtcookie/dynatrace/api/config/entityruleengine v1.0.2 h1:ArWaMx0xGrCBR2c9RfICBjOxC8EjMZAa9b5mRy0Q8SE=
github.com/dtcookie/dynatrace/api/config/entityruleengine v1.0.2/go.mod h1:VrGsUZ30BeQDSUYUJhbygab4vrO5mAnTJO0YhYrx55c=
github.com/dtcookie/dynatrace/rest v1.0.14 h1:mNV2Mi/L2RSqC2kbIbN9kDyU+ZREVA4TGQxtSrE6nIc=
github.com/dtcookie/dynatrace/rest v1.0.14/go.mod h1://1AkUkyFQFG43vhMg2aykz13PgB/4eTUIE8SS+vnNw=
github.com/dtcookie/hcl v0.0.5 h1:doeazZhIe3fC+2HvJ6vAwgQBU8gND1ByHP6ZzbusTRo=
github.com/dtcookie/hcl v0.0.5/go.mod h1:Niw4THUH2DScKO41LSoJmhUFLbDfZBuNkbQAAI+DLQc=
github.com/dtcookie/hcl v0.0.6 h1:wcMnSCa3mch6mzZqqkQN5JqTmTNNqLz/B22ykXKxlzw=
github.com/dtcookie/hcl v0.0.6/go.mod h1:Niw4THUH2DScKO41LSoJmhUFLbDfZBuNkbQAAI+DLQc=
github.com/dtcookie/opt v1.0.0 h1:3YTf76sWRAjcJnTNNCjeJNikT05aOrVlg13xDbX5OGg=
github.com/dtcookie/opt v1.0.0/go.mod h1:3fHzYaPu0kQ/Esfd/L0GipVrrnA/6hXTnATyO6QbzW8=
github.com/google/uuid v1.1.2 h1:EVhdT+1Kseyi1/pUmXKaFxYsDNy9RQYkMWRH68J/W7Y=
github.com/google/uuid v1.1.2/go.mod h1:TIyPZe4MgqvfeYDBFedMoGGpEw/LqOeaOT+nhxU+yHo=
